{
    "version": 3,
    "terraform_version": "0.11.10",
    "serial": 3,
    "lineage": "c0e75d63-b019-3c1c-6e2d-a5dd6bc9225f",
    "modules": [
        {
            "path": [
                "root"
            ],
            "outputs": {},
            "resources": {
                "github_repository.example": {
                    "type": "github_repository",
                    "depends_on": [],
                    "primary": {
                        "id": "example",
                        "attributes": {
                            "allow_merge_commit": "true",
                            "allow_rebase_merge": "true",
                            "allow_squash_merge": "true",
                            "archived": "false",
                            "default_branch": "master",
                            "description": "my codebase",
                            "etag": "W/\"3e83600534ede6ba259431edc6e55835\"",
                            "full_name": "devops-wsf-p2021/example",
                            "git_clone_url": "git://github.com/devops-wsf-p2021/example.git",
                            "has_downloads": "false",
                            "has_issues": "false",
                            "has_wiki": "false",
                            "homepage_url": "",
                            "html_url": "https://github.com/devops-wsf-p2021/example",
                            "http_clone_url": "https://github.com/devops-wsf-p2021/example.git",
                            "id": "example",
                            "name": "example",
                            "private": "false",
                            "ssh_clone_url": "git@github.com:devops-wsf-p2021/example.git",
                            "svn_url": "https://github.com/devops-wsf-p2021/example",
                            "topics.#": "0"
                        },
                        "meta": {},
                        "tainted": false
                    },
                    "deposed": [],
                    "provider": "provider.github"
                }
            },
            "depends_on": []
        }
    ]
}
